// !$*UTF8*$!
{
	archiveVersion = 1;
	classes = {
	};
	objectVersion = 56;
	objects = {

/* Begin PBXBuildFile section */
		184FAF0F2B6548E900E5E0CF /* NotesAppApp.swift in Sources */ = {isa = PBXBuildFile; fileRef = 184FAF0E2B6548E900E5E0CF /* NotesAppApp.swift */; };
		184FAF112B6548E900E5E0CF /* ContentView.swift in Sources */ = {isa = PBXBuildFile; fileRef = 184FAF102B6548E900E5E0CF /* ContentView.swift */; };
		184FAF132B6548E900E5E0CF /* Item.swift in Sources */ = {isa = PBXBuildFile; fileRef = 184FAF122B6548E900E5E0CF /* Item.swift */; };
		184FAF152B6548EB00E5E0CF /* Assets.xcassets in Resources */ = {isa = PBXBuildFile; fileRef = 184FAF142B6548EB00E5E0CF /* Assets.xcassets */; };
		184FAF182B6548EB00E5E0CF /* Preview Assets.xcassets in Resources */ = {isa = PBXBuildFile; fileRef = 184FAF172B6548EB00E5E0CF /* Preview Assets.xcassets */; };
		18EF484E2B66743900211014 /* Main.swift in Sources */ = {isa = PBXBuildFile; fileRef = 18EF484D2B66743900211014 /* Main.swift */; };
		18EF48502B66745700211014 /* NotesView.swift in Sources */ = {isa = PBXBuildFile; fileRef = 18EF484F2B66745700211014 /* NotesView.swift */; };
		18EF48532B66748500211014 /* Note.swift in Sources */ = {isa = PBXBuildFile; fileRef = 18EF48522B66748500211014 /* Note.swift */; };
		18EF48552B66749A00211014 /* NoteCategory.swift in Sources */ = {isa = PBXBuildFile; fileRef = 18EF48542B66749A00211014 /* NoteCategory.swift */; };
		18EF48572B6902B300211014 /* NoteDetailView.swift in Sources */ = {isa = PBXBuildFile; fileRef = 18EF48562B6902B300211014 /* NoteDetailView.swift */; };
/* End PBXBuildFile section */

/* Begin PBXFileReference section */
		184FAF0B2B6548E900E5E0CF /* NotesApp.app */ = {isa = PBXFileReference; explicitFileType = wrapper.application; includeInIndex = 0; path = NotesApp.app; sourceTree = BUILT_PRODUCTS_DIR; };
		184FAF0E2B6548E900E5E0CF /* NotesAppApp.swift */ = {isa = PBXFileReference; lastKnownFileType = sourcecode.swift; path = NotesAppApp.swift; sourceTree = "<group>"; };
		184FAF102B6548E900E5E0CF /* ContentView.swift */ = {isa = PBXFileReference; lastKnownFileType = sourcecode.swift; path = ContentView.swift; sourceTree = "<group>"; };
		184FAF122B6548E900E5E0CF /* Item.swift */ = {isa = PBXFileReference; lastKnownFileType = sourcecode.swift; path = Item.swift; sourceTree = "<group>"; };
		184FAF142B6548EB00E5E0CF /* Assets.xcassets */ = {isa = PBXFileReference; lastKnownFileType = folder.assetcatalog; path = Assets.xcassets; sourceTree = "<group>"; };
		184FAF172B6548EB00E5E0CF /* Preview Assets.xcassets */ = {isa = PBXFileReference; lastKnownFileType = folder.assetcatalog; path = "Preview Assets.xcassets"; sourceTree = "<group>"; };
		184FAF192B6548EB00E5E0CF /* NotesApp.entitlements */ = {isa = PBXFileReference; lastKnownFileType = text.plist.entitlements; path = NotesApp.entitlements; sourceTree = "<group>"; };
		18EF484D2B66743900211014 /* Main.swift */ = {isa = PBXFileReference; lastKnownFileType = sourcecode.swift; path = Main.swift; sourceTree = "<group>"; };
		18EF484F2B66745700211014 /* NotesView.swift */ = {isa = PBXFileReference; lastKnownFileType = sourcecode.swift; path = NotesView.swift; sourceTree = "<group>"; };
		18EF48522B66748500211014 /* Note.swift */ = {isa = PBXFileReference; lastKnownFileType = sourcecode.swift; path = Note.swift; sourceTree = "<group>"; };
		18EF48542B66749A00211014 /* NoteCategory.swift */ = {isa = PBXFileReference; lastKnownFileType = sourcecode.swift; path = NoteCategory.swift; sourceTree = "<group>"; };
		18EF48562B6902B300211014 /* NoteDetailView.swift */ = {isa = PBXFileReference; lastKnownFileType = sourcecode.swift; path = NoteDetailView.swift; sourceTree = "<group>"; };
/* End PBXFileReference section */

/* Begin PBXFrameworksBuildPhase section */
		184FAF082B6548E900E5E0CF /* Frameworks */ = {
			isa = PBXFrameworksBuildPhase;
			buildActionMask = 2147483647;
			files = (
			);
			runOnlyForDeploymentPostprocessing = 0;
		};
/* End PBXFrameworksBuildPhase section */

/* Begin PBXGroup section */
		184FAF022B6548E900E5E0CF = {
			isa = PBXGroup;
			children = (
				18EF48512B66746F00211014 /* Model */,
				18EF484C2B66741700211014 /* View */,
				184FAF0D2B6548E900E5E0CF /* NotesApp */,
				184FAF0C2B6548E900E5E0CF /* Products */,
			);
			sourceTree = "<group>";
		};
		184FAF0C2B6548E900E5E0CF /* Products */ = {
			isa = PBXGroup;
			children = (
				184FAF0B2B6548E900E5E0CF /* NotesApp.app */,
			);
			name = Products;
			sourceTree = "<group>";
		};
		184FAF0D2B6548E900E5E0CF /* NotesApp */ = {
			isa = PBXGroup;
			children = (
				184FAF0E2B6548E900E5E0CF /* NotesAppApp.swift */,
				184FAF102B6548E900E5E0CF /* ContentView.swift */,
				184FAF122B6548E900E5E0CF /* Item.swift */,
				184FAF142B6548EB00E5E0CF /* Assets.xcassets */,
				184FAF192B6548EB00E5E0CF /* NotesApp.entitlements */,
				184FAF162B6548EB00E5E0CF /* Preview Content */,
			);
			path = NotesApp;
			sourceTree = "<group>";
		};
		184FAF162B6548EB00E5E0CF /* Preview Content */ = {
			isa = PBXGroup;
			children = (
				184FAF172B6548EB00E5E0CF /* Preview Assets.xcassets */,
			);
			path = "Preview Content";
			sourceTree = "<group>";
		};
		18EF484C2B66741700211014 /* View */ = {
			isa = PBXGroup;
			children = (
				18EF484D2B66743900211014 /* Main.swift */,
				18EF484F2B66745700211014 /* NotesView.swift */,
				18EF48562B6902B300211014 /* NoteDetailView.swift */,
			);
			path = View;
			sourceTree = "<group>";
		};
		18EF48512B66746F00211014 /* Model */ = {
			isa = PBXGroup;
			children = (
				18EF48522B66748500211014 /* Note.swift */,
				18EF48542B66749A00211014 /* NoteCategory.swift */,
			);
			path = Model;
			sourceTree = "<group>";
		};
/* End PBXGroup section */

/* Begin PBXNativeTarget section */
		184FAF0A2B6548E900E5E0CF /* NotesApp */ = {
			isa = PBXNativeTarget;
			buildConfigurationList = 184FAF1C2B6548EB00E5E0CF /* Build configuration list for PBXNativeTarget "NotesApp" */;
			buildPhases = (
				184FAF072B6548E900E5E0CF /* Sources */,
				184FAF082B6548E900E5E0CF /* Frameworks */,
				184FAF092B6548E900E5E0CF /* Resources */,
			);
			buildRules = (
			);
			dependencies = (
			);
			name = NotesApp;
			productName = NotesApp;
			productReference = 184FAF0B2B6548E900E5E0CF /* NotesApp.app */;
			productType = "com.apple.product-type.application";
		};
/* End PBXNativeTarget section */

/* Begin PBXProject section */
		184FAF032B6548E900E5E0CF /* Project object */ = {
			isa = PBXProject;
			attributes = {
				BuildIndependentTargetsInParallel = 1;
				LastSwiftUpdateCheck = 1520;
				LastUpgradeCheck = 1520;
				TargetAttributes = {
					184FAF0A2B6548E900E5E0CF = {
						CreatedOnToolsVersion = 15.2;
					};
				};
			};
			buildConfigurationList = 184FAF062B6548E900E5E0CF /* Build configuration list for PBXProject "NotesApp" */;
			compatibilityVersion = "Xcode 14.0";
			developmentRegion = en;
			hasScannedForEncodings = 0;
			knownRegions = (
				en,
				Base,
			);
			mainGroup = 184FAF022B6548E900E5E0CF;
			productRefGroup = 184FAF0C2B6548E900E5E0CF /* Products */;
			projectDirPath = "";
			projectRoot = "";
			targets = (
				184FAF0A2B6548E900E5E0CF /* NotesApp */,
			);
		};
/* End PBXProject section */

/* Begin PBXResourcesBuildPhase section */
		184FAF092B6548E900E5E0CF /* Resources */ = {
			isa = PBXResourcesBuildPhase;
			buildActionMask = 2147483647;
			files = (
				184FAF182B6548EB00E5E0CF /* Preview Assets.xcassets in Resources */,
				184FAF152B6548EB00E5E0CF /* Assets.xcassets in Resources */,
			);
			runOnlyForDeploymentPostprocessing = 0;
		};
/* End PBXResourcesBuildPhase section */

/* Begin PBXSourcesBuildPhase section */
		184FAF072B6548E900E5E0CF /* Sources */ = {
			isa = PBXSourcesBuildPhase;
			buildActionMask = 2147483647;
			files = (
				184FAF112B6548E900E5E0CF /* ContentView.swift in Sources */,
				184FAF132B6548E900E5E0CF /* Item.swift in Sources */,
				18EF48502B66745700211014 /* NotesView.swift in Sources */,
				18EF48572B6902B300211014 /* NoteDetailView.swift in Sources */,
				18EF484E2B66743900211014 /* Main.swift in Sources */,
				184FAF0F2B6548E900E5E0CF /* NotesAppApp.swift in Sources */,
				18EF48532B66748500211014 /* Note.swift in Sources */,
				18EF48552B66749A00211014 /* NoteCategory.swift in Sources */,
			);
			runOnlyForDeploymentPostprocessing = 0;
		};
/* End PBXSourcesBuildPhase section */

/* Begin XCBuildConfiguration section */
		184FAF1A2B6548EB00E5E0CF /* Debug */ = {
			isa = XCBuildConfiguration;
			buildSettings = {
				ALWAYS_SEARCH_USER_PATHS = NO;
				ASSETCATALOG_COMPILER_GENERATE_SWIFT_ASSET_SYMBOL_EXTENSIONS = YES;
				CLANG_ANALYZER_NONNULL = YES;
				CLANG_ANALYZER_NUMBER_OBJECT_CONVERSION = YES_AGGRESSIVE;
				CLANG_CXX_LANGUAGE_STANDARD = "gnu++20";
				CLANG_ENABLE_MODULES = YES;
				CLANG_ENABLE_OBJC_ARC = YES;
				CLANG_ENABLE_OBJC_WEAK = YES;
				CLANG_WARN_BLOCK_CAPTURE_AUTORELEASING = YES;
				CLANG_WARN_BOOL_CONVERSION = YES;
				CLANG_WARN_COMMA = YES;
				CLANG_WARN_CONSTANT_CONVERSION = YES;
				CLANG_WARN_DEPRECATED_OBJC_IMPLEMENTATIONS = YES;
				CLANG_WARN_DIRECT_OBJC_ISA_USAGE = YES_ERROR;
				CLANG_WARN_DOCUMENTATION_COMMENTS = YES;
				CLANG_WARN_EMPTY_BODY = YES;
				CLANG_WARN_ENUM_CONVERSION = YES;
				CLANG_WARN_INFINITE_RECURSION = YES;
				CLANG_WARN_INT_CONVERSION = YES;
				CLANG_WARN_NON_LITERAL_NULL_CONVERSION = YES;
				CLANG_WARN_OBJC_IMPLICIT_RETAIN_SELF = YES;
				CLANG_WARN_OBJC_LITERAL_CONVERSION = YES;
				CLANG_WARN_OBJC_ROOT_CLASS = YES_ERROR;
				CLANG_WARN_QUOTED_INCLUDE_IN_FRAMEWORK_HEADER = YES;
				CLANG_WARN_RANGE_LOOP_ANALYSIS = YES;
				CLANG_WARN_STRICT_PROTOTYPES = YES;
				CLANG_WARN_SUSPICIOUS_MOVE = YES;
				CLANG_WARN_UNGUARDED_AVAILABILITY = YES_AGGRESSIVE;
				CLANG_WARN_UNREACHABLE_CODE = YES;
				CLANG_WARN__DUPLICATE_METHOD_MATCH = YES;
				COPY_PHASE_STRIP = NO;
				DEBUG_INFORMATION_FORMAT = dwarf;
				ENABLE_STRICT_OBJC_MSGSEND = YES;
				ENABLE_TESTABILITY = YES;
				ENABLE_USER_SCRIPT_SANDBOXING = YES;
				GCC_C_LANGUAGE_STANDARD = gnu17;
				GCC_DYNAMIC_NO_PIC = NO;
				GCC_NO_COMMON_BLOCKS = YES;
				GCC_OPTIMIZATION_LEVEL = 0;
				GCC_PREPROCESSOR_DEFINITIONS = (
					"DEBUG=1",
					"$(inherited)",
				);
				GCC_WARN_64_TO_32_BIT_CONVERSION = YES;
				GCC_WARN_ABOUT_RETURN_TYPE = YES_ERROR;
				GCC_WARN_UNDECLARED_SELECTOR = YES;
				GCC_WARN_UNINITIALIZED_AUTOS = YES_AGGRESSIVE;
				GCC_WARN_UNUSED_FUNCTION = YES;
				GCC_WARN_UNUSED_VARIABLE = YES;
				LOCALIZATION_PREFERS_STRING_CATALOGS = YES;
				MACOSX_DEPLOYMENT_TARGET = 14.0;
				MTL_ENABLE_DEBUG_INFO = INCLUDE_SOURCE;
				MTL_FAST_MATH = YES;
				ONLY_ACTIVE_ARCH = YES;
				SDKROOT = macosx;
				SWIFT_ACTIVE_COMPILATION_CONDITIONS = "DEBUG $(inherited)";
				SWIFT_OPTIMIZATION_LEVEL = "-Onone";
			};
			name = Debug;
		};
		184FAF1B2B6548EB00E5E0CF /* Release */ = {
			isa = XCBuildConfiguration;
			buildSettings = {
				ALWAYS_SEARCH_USER_PATHS = NO;
				ASSETCATALOG_COMPILER_GENERATE_SWIFT_ASSET_SYMBOL_EXTENSIONS = YES;
				CLANG_ANALYZER_NONNULL = YES;
				CLANG_ANALYZER_NUMBER_OBJECT_CONVERSION = YES_AGGRESSIVE;
				CLANG_CXX_LANGUAGE_STANDARD = "gnu++20";
				CLANG_ENABLE_MODULES = YES;
				CLANG_ENABLE_OBJC_ARC = YES;
				CLANG_ENABLE_OBJC_WEAK = YES;
				CLANG_WARN_BLOCK_CAPTURE_AUTORELEASING = YES;
				CLANG_WARN_BOOL_CONVERSION = YES;
				CLANG_WARN_COMMA = YES;
				CLANG_WARN_CONSTANT_CONVERSION = YES;
				CLANG_WARN_DEPRECATED_OBJC_IMPLEMENTATIONS = YES;
				CLANG_WARN_DIRECT_OBJC_ISA_USAGE = YES_ERROR;
				CLANG_WARN_DOCUMENTATION_COMMENTS = YES;
				CLANG_WARN_EMPTY_BODY = YES;
				CLANG_WARN_ENUM_CONVERSION = YES;
				CLANG_WARN_INFINITE_RECURSION = YES;
				CLANG_WARN_INT_CONVERSION = YES;
				CLANG_WARN_NON_LITERAL_NULL_CONVERSION = YES;
				CLANG_WARN_OBJC_IMPLICIT_RETAIN_SELF = YES;
				CLANG_WARN_OBJC_LITERAL_CONVERSION = YES;
				CLANG_WARN_OBJC_ROOT_CLASS = YES_ERROR;
				CLANG_WARN_QUOTED_INCLUDE_IN_FRAMEWORK_HEADER = YES;
				CLANG_WARN_RANGE_LOOP_ANALYSIS = YES;
				CLANG_WARN_STRICT_PROTOTYPES = YES;
				CLANG_WARN_SUSPICIOUS_MOVE = YES;
				CLANG_WARN_UNGUARDED_AVAILABILITY = YES_AGGRESSIVE;
				CLANG_WARN_UNREACHABLE_CODE = YES;
				CLANG_WARN__DUPLICATE_METHOD_MATCH = YES;
				COPY_PHASE_STRIP = NO;
				DEBUG_INFORMATION_FORMAT = "dwarf-with-dsym";
				ENABLE_NS_ASSERTIONS = NO;
				ENABLE_STRICT_OBJC_MSGSEND = YES;
				ENABLE_USER_SCRIPT_SANDBOXING = YES;
				GCC_C_LANGUAGE_STANDARD = gnu17;
				GCC_NO_COMMON_BLOCKS = YES;
				GCC_WARN_64_TO_32_BIT_CONVERSION = YES;
				GCC_WARN_ABOUT_RETURN_TYPE = YES_ERROR;
				GCC_WARN_UNDECLARED_SELECTOR = YES;
				GCC_WARN_UNINITIALIZED_AUTOS = YES_AGGRESSIVE;
				GCC_WARN_UNUSED_FUNCTION = YES;
				GCC_WARN_UNUSED_VARIABLE = YES;
				LOCALIZATION_PREFERS_STRING_CATALOGS = YES;
				MACOSX_DEPLOYMENT_TARGET = 14.0;
				MTL_ENABLE_DEBUG_INFO = NO;
				MTL_FAST_MATH = YES;
				SDKROOT = macosx;
				SWIFT_COMPILATION_MODE = wholemodule;
			};
			name = Release;
		};
		184FAF1D2B6548EB00E5E0CF /* Debug */ = {
			isa = XCBuildConfiguration;
			buildSettings = {
				ASSETCATALOG_COMPILER_APPICON_NAME = AppIcon;
				ASSETCATALOG_COMPILER_GLOBAL_ACCENT_COLOR_NAME = AccentColor;
				CODE_SIGN_ENTITLEMENTS = NotesApp/NotesApp.entitlements;
				CODE_SIGN_STYLE = Automatic;
				COMBINE_HIDPI_IMAGES = YES;
				CURRENT_PROJECT_VERSION = 1;
				DEVELOPMENT_ASSET_PATHS = "\"NotesApp/Preview Content\"";
				ENABLE_PREVIEWS = YES;
				GENERATE_INFOPLIST_FILE = YES;
				INFOPLIST_KEY_NSHumanReadableCopyright = "";
				LD_RUNPATH_SEARCH_PATHS = (
					"$(inherited)",
					"@executable_path/../Frameworks",
				);
				MACOSX_DEPLOYMENT_TARGET = 14.0;
				MARKETING_VERSION = 1.0;
				PRODUCT_BUNDLE_IDENTIFIER = com.karinavladykina.NotesApp;
				PRODUCT_NAME = "$(TARGET_NAME)";
				SWIFT_EMIT_LOC_STRINGS = YES;
				SWIFT_VERSION = 5.0;
			};
			name = Debug;
		};
		184FAF1E2B6548EB00E5E0CF /* Release */ = {
			isa = XCBuildConfiguration;
			buildSettings = {
				ASSETCATALOG_COMPILER_APPICON_NAME = AppIcon;
				ASSETCATALOG_COMPILER_GLOBAL_ACCENT_COLOR_NAME = AccentColor;
				CODE_SIGN_ENTITLEMENTS = NotesApp/NotesApp.entitlements;
				CODE_SIGN_STYLE = Automatic;
				COMBINE_HIDPI_IMAGES = YES;
				CURRENT_PROJECT_VERSION = 1;
				DEVELOPMENT_ASSET_PATHS = "\"NotesApp/Preview Content\"";
				ENABLE_PREVIEWS = YES;
				GENERATE_INFOPLIST_FILE = YES;
				INFOPLIST_KEY_NSHumanReadableCopyright = "";
				LD_RUNPATH_SEARCH_PATHS = (
					"$(inherited)",
					"@executable_path/../Frameworks",
				);
				MACOSX_DEPLOYMENT_TARGET = 14.0;
				MARKETING_VERSION = 1.0;
				PRODUCT_BUNDLE_IDENTIFIER = com.karinavladykina.NotesApp;
				PRODUCT_NAME = "$(TARGET_NAME)";
				SWIFT_EMIT_LOC_STRINGS = YES;
				SWIFT_VERSION = 5.0;
			};
			name = Release;
		};
/* End XCBuildConfiguration section */

/* Begin XCConfigurationList section */
		184FAF062B6548E900E5E0CF /* Build configuration list for PBXProject "NotesApp" */ = {
			isa = XCConfigurationList;
			buildConfigurations = (
				184FAF1A2B6548EB00E5E0CF /* Debug */,
				184FAF1B2B6548EB00E5E0CF /* Release */,
			);
			defaultConfigurationIsVisible = 0;
			defaultConfigurationName = Release;
		};
		184FAF1C2B6548EB00E5E0CF /* Build configuration list for PBXNativeTarget "NotesApp" */ = {
			isa = XCConfigurationList;
			buildConfigurations = (
				184FAF1D2B6548EB00E5E0CF /* Debug */,
				184FAF1E2B6548EB00E5E0CF /* Release */,
			);
			defaultConfigurationIsVisible = 0;
			defaultConfigurationName = Release;
		};
/* End XCConfigurationList section */
	};
	rootObject = 184FAF032B6548E900E5E0CF /* Project object */;
}
